// !$*UTF8*$!
{
	archiveVersion = 1;
	classes = {
	};
	objectVersion = 56;
	objects = {

/* Begin PBXBuildFile section */
		24640AE22AC5F9660026909A /* ResourcesViewController.swift in Sources */ = {isa = PBXBuildFile; fileRef = 24640AE12AC5F9660026909A /* ResourcesViewController.swift */; };
		249290B72AA7D82400970488 /* WebViewController.swift in Sources */ = {isa = PBXBuildFile; fileRef = 249290B62AA7D82400970488 /* WebViewController.swift */; };
		249C5AA62A8D9D9C00A858BD /* AppDelegate.swift in Sources */ = {isa = PBXBuildFile; fileRef = 249C5AA52A8D9D9C00A858BD /* AppDelegate.swift */; };
		249C5AA82A8D9D9C00A858BD /* SceneDelegate.swift in Sources */ = {isa = PBXBuildFile; fileRef = 249C5AA72A8D9D9C00A858BD /* SceneDelegate.swift */; };
		249C5AAA2A8D9D9C00A858BD /* HomeViewController.swift in Sources */ = {isa = PBXBuildFile; fileRef = 249C5AA92A8D9D9C00A858BD /* HomeViewController.swift */; };
		249C5AAD2A8D9D9C00A858BD /* Main.storyboard in Resources */ = {isa = PBXBuildFile; fileRef = 249C5AAB2A8D9D9C00A858BD /* Main.storyboard */; };
		249C5AAF2A8D9DA100A858BD /* Assets.xcassets in Resources */ = {isa = PBXBuildFile; fileRef = 249C5AAE2A8D9DA100A858BD /* Assets.xcassets */; };
		249C5AB22A8D9DA100A858BD /* LaunchScreen.storyboard in Resources */ = {isa = PBXBuildFile; fileRef = 249C5AB02A8D9DA100A858BD /* LaunchScreen.storyboard */; };
		24C0C9402AA7D20A0007F227 /* FindHelpViewController.swift in Sources */ = {isa = PBXBuildFile; fileRef = 24C0C93F2AA7D20A0007F227 /* FindHelpViewController.swift */; };
/* End PBXBuildFile section */

/* Begin PBXFileReference section */
		24640AE12AC5F9660026909A /* ResourcesViewController.swift */ = {isa = PBXFileReference; lastKnownFileType = sourcecode.swift; path = ResourcesViewController.swift; sourceTree = "<group>"; };
		249290B62AA7D82400970488 /* WebViewController.swift */ = {isa = PBXFileReference; lastKnownFileType = sourcecode.swift; path = WebViewController.swift; sourceTree = "<group>"; };
		249C5AA22A8D9D9C00A858BD /* CanWeTalk.app */ = {isa = PBXFileReference; explicitFileType = wrapper.application; includeInIndex = 0; path = CanWeTalk.app; sourceTree = BUILT_PRODUCTS_DIR; };
		249C5AA52A8D9D9C00A858BD /* AppDelegate.swift */ = {isa = PBXFileReference; lastKnownFileType = sourcecode.swift; path = AppDelegate.swift; sourceTree = "<group>"; };
		249C5AA72A8D9D9C00A858BD /* SceneDelegate.swift */ = {isa = PBXFileReference; lastKnownFileType = sourcecode.swift; path = SceneDelegate.swift; sourceTree = "<group>"; };
		249C5AA92A8D9D9C00A858BD /* HomeViewController.swift */ = {isa = PBXFileReference; lastKnownFileType = sourcecode.swift; path = HomeViewController.swift; sourceTree = "<group>"; };
		249C5AAC2A8D9D9C00A858BD /* Base */ = {isa = PBXFileReference; lastKnownFileType = file.storyboard; name = Base; path = Base.lproj/Main.storyboard; sourceTree = "<group>"; };
		249C5AAE2A8D9DA100A858BD /* Assets.xcassets */ = {isa = PBXFileReference; lastKnownFileType = folder.assetcatalog; path = Assets.xcassets; sourceTree = "<group>"; };
		249C5AB12A8D9DA100A858BD /* Base */ = {isa = PBXFileReference; lastKnownFileType = file.storyboard; name = Base; path = Base.lproj/LaunchScreen.storyboard; sourceTree = "<group>"; };
		249C5AB32A8D9DA100A858BD /* Info.plist */ = {isa = PBXFileReference; lastKnownFileType = text.plist.xml; path = Info.plist; sourceTree = "<group>"; };
		24C0C93F2AA7D20A0007F227 /* FindHelpViewController.swift */ = {isa = PBXFileReference; lastKnownFileType = sourcecode.swift; path = FindHelpViewController.swift; sourceTree = "<group>"; };
/* End PBXFileReference section */

/* Begin PBXFrameworksBuildPhase section */
		249C5A9F2A8D9D9C00A858BD /* Frameworks */ = {
			isa = PBXFrameworksBuildPhase;
			buildActionMask = 2147483647;
			files = (
			);
			runOnlyForDeploymentPostprocessing = 0;
		};
/* End PBXFrameworksBuildPhase section */

/* Begin PBXGroup section */
		249C5A992A8D9D9B00A858BD = {
			isa = PBXGroup;
			children = (
				249C5AA42A8D9D9C00A858BD /* CanWeTalk */,
				249C5AA32A8D9D9C00A858BD /* Products */,
			);
			sourceTree = "<group>";
		};
		249C5AA32A8D9D9C00A858BD /* Products */ = {
			isa = PBXGroup;
			children = (
				249C5AA22A8D9D9C00A858BD /* CanWeTalk.app */,
			);
			name = Products;
			sourceTree = "<group>";
		};
		249C5AA42A8D9D9C00A858BD /* CanWeTalk */ = {
			isa = PBXGroup;
			children = (
				249290B62AA7D82400970488 /* WebViewController.swift */,
				24C0C93F2AA7D20A0007F227 /* FindHelpViewController.swift */,
				249C5AA52A8D9D9C00A858BD /* AppDelegate.swift */,
				249C5AA72A8D9D9C00A858BD /* SceneDelegate.swift */,
				249C5AA92A8D9D9C00A858BD /* HomeViewController.swift */,
				249C5AAB2A8D9D9C00A858BD /* Main.storyboard */,
				24640AE12AC5F9660026909A /* ResourcesViewController.swift */,
				249C5AAE2A8D9DA100A858BD /* Assets.xcassets */,
				249C5AB02A8D9DA100A858BD /* LaunchScreen.storyboard */,
				249C5AB32A8D9DA100A858BD /* Info.plist */,
			);
			path = CanWeTalk;
			sourceTree = "<group>";
		};
/* End PBXGroup section */

/* Begin PBXNativeTarget section */
		249C5AA12A8D9D9C00A858BD /* CanWeTalk */ = {
			isa = PBXNativeTarget;
			buildConfigurationList = 249C5AB62A8D9DA100A858BD /* Build configuration list for PBXNativeTarget "CanWeTalk" */;
			buildPhases = (
				249C5A9E2A8D9D9C00A858BD /* Sources */,
				249C5A9F2A8D9D9C00A858BD /* Frameworks */,
				249C5AA02A8D9D9C00A858BD /* Resources */,
			);
			buildRules = (
			);
			dependencies = (
			);
			name = CanWeTalk;
			productName = CanWeTalk;
			productReference = 249C5AA22A8D9D9C00A858BD /* CanWeTalk.app */;
			productType = "com.apple.product-type.application";
		};
/* End PBXNativeTarget section */

/* Begin PBXProject section */
		249C5A9A2A8D9D9B00A858BD /* Project object */ = {
			isa = PBXProject;
			attributes = {
				BuildIndependentTargetsInParallel = 1;
				LastSwiftUpdateCheck = 1430;
				LastUpgradeCheck = 1430;
				TargetAttributes = {
					249C5AA12A8D9D9C00A858BD = {
						CreatedOnToolsVersion = 14.3.1;
					};
				};
			};
			buildConfigurationList = 249C5A9D2A8D9D9B00A858BD /* Build configuration list for PBXProject "CanWeTalk" */;
			compatibilityVersion = "Xcode 14.0";
			developmentRegion = en;
			hasScannedForEncodings = 0;
			knownRegions = (
				en,
				Base,
			);
			mainGroup = 249C5A992A8D9D9B00A858BD;
			productRefGroup = 249C5AA32A8D9D9C00A858BD /* Products */;
			projectDirPath = "";
			projectRoot = "";
			targets = (
				249C5AA12A8D9D9C00A858BD /* CanWeTalk */,
			);
		};
/* End PBXProject section */

/* Begin PBXResourcesBuildPhase section */
		249C5AA02A8D9D9C00A858BD /* Resources */ = {
			isa = PBXResourcesBuildPhase;
			buildActionMask = 2147483647;
			files = (
				249C5AB22A8D9DA100A858BD /* LaunchScreen.storyboard in Resources */,
				249C5AAF2A8D9DA100A858BD /* Assets.xcassets in Resources */,
				249C5AAD2A8D9D9C00A858BD /* Main.storyboard in Resources */,
			);
			runOnlyForDeploymentPostprocessing = 0;
		};
/* End PBXResourcesBuildPhase section */

/* Begin PBXSourcesBuildPhase section */
		249C5A9E2A8D9D9C00A858BD /* Sources */ = {
			isa = PBXSourcesBuildPhase;
			buildActionMask = 2147483647;
			files = (
				24640AE22AC5F9660026909A /* ResourcesViewController.swift in Sources */,
				24C0C9402AA7D20A0007F227 /* FindHelpViewController.swift in Sources */,
				249C5AAA2A8D9D9C00A858BD /* HomeViewController.swift in Sources */,
				249C5AA62A8D9D9C00A858BD /* AppDelegate.swift in Sources */,
				249290B72AA7D82400970488 /* WebViewController.swift in Sources */,
				249C5AA82A8D9D9C00A858BD /* SceneDelegate.swift in Sources */,
			);
			runOnlyForDeploymentPostprocessing = 0;
		};
/* End PBXSourcesBuildPhase section */

/* Begin PBXVariantGroup section */
		249C5AAB2A8D9D9C00A858BD /* Main.storyboard */ = {
			isa = PBXVariantGroup;
			children = (
				249C5AAC2A8D9D9C00A858BD /* Base */,
			);
			name = Main.storyboard;
			sourceTree = "<group>";
		};
		249C5AB02A8D9DA100A858BD /* LaunchScreen.storyboard */ = {
			isa = PBXVariantGroup;
			children = (
				249C5AB12A8D9DA100A858BD /* Base */,
			);
			name = LaunchScreen.storyboard;
			sourceTree = "<group>";
		};
/* End PBXVariantGroup section */

/* Begin XCBuildConfiguration section */
		249C5AB42A8D9DA100A858BD /* Debug */ = {
			isa = XCBuildConfiguration;
			buildSettings = {
				ALWAYS_SEARCH_USER_PATHS = NO;
				CLANG_ANALYZER_NONNULL = YES;
				CLANG_ANALYZER_NUMBER_OBJECT_CONVERSION = YES_AGGRESSIVE;
				CLANG_CXX_LANGUAGE_STANDARD = "gnu++20";
				CLANG_ENABLE_MODULES = YES;
				CLANG_ENABLE_OBJC_ARC = YES;
				CLANG_ENABLE_OBJC_WEAK = YES;
				CLANG_WARN_BLOCK_CAPTURE_AUTORELEASING = YES;
				CLANG_WARN_BOOL_CONVERSION = YES;
				CLANG_WARN_COMMA = YES;
				CLANG_WARN_CONSTANT_CONVERSION = YES;
				CLANG_WARN_DEPRECATED_OBJC_IMPLEMENTATIONS = YES;
				CLANG_WARN_DIRECT_OBJC_ISA_USAGE = YES_ERROR;
				CLANG_WARN_DOCUMENTATION_COMMENTS = YES;
				CLANG_WARN_EMPTY_BODY = YES;
				CLANG_WARN_ENUM_CONVERSION = YES;
				CLANG_WARN_INFINITE_RECURSION = YES;
				CLANG_WARN_INT_CONVERSION = YES;
				CLANG_WARN_NON_LITERAL_NULL_CONVERSION = YES;
				CLANG_WARN_OBJC_IMPLICIT_RETAIN_SELF = YES;
				CLANG_WARN_OBJC_LITERAL_CONVERSION = YES;
				CLANG_WARN_OBJC_ROOT_CLASS = YES_ERROR;
				CLANG_WARN_QUOTED_INCLUDE_IN_FRAMEWORK_HEADER = YES;
				CLANG_WARN_RANGE_LOOP_ANALYSIS = YES;
				CLANG_WARN_STRICT_PROTOTYPES = YES;
				CLANG_WARN_SUSPICIOUS_MOVE = YES;
				CLANG_WARN_UNGUARDED_AVAILABILITY = YES_AGGRESSIVE;
				CLANG_WARN_UNREACHABLE_CODE = YES;
				CLANG_WARN__DUPLICATE_METHOD_MATCH = YES;
				COPY_PHASE_STRIP = NO;
				DEBUG_INFORMATION_FORMAT = dwarf;
				ENABLE_STRICT_OBJC_MSGSEND = YES;
				ENABLE_TESTABILITY = YES;
				GCC_C_LANGUAGE_STANDARD = gnu11;
				GCC_DYNAMIC_NO_PIC = NO;
				GCC_NO_COMMON_BLOCKS = YES;
				GCC_OPTIMIZATION_LEVEL = 0;
				GCC_PREPROCESSOR_DEFINITIONS = (
					"DEBUG=1",
					"$(inherited)",
				);
				GCC_WARN_64_TO_32_BIT_CONVERSION = YES;
				GCC_WARN_ABOUT_RETURN_TYPE = YES_ERROR;
				GCC_WARN_UNDECLARED_SELECTOR = YES;
				GCC_WARN_UNINITIALIZED_AUTOS = YES_AGGRESSIVE;
				GCC_WARN_UNUSED_FUNCTION = YES;
				GCC_WARN_UNUSED_VARIABLE = YES;
				IPHONEOS_DEPLOYMENT_TARGET = 16.4;
				MTL_ENABLE_DEBUG_INFO = INCLUDE_SOURCE;
				MTL_FAST_MATH = YES;
				ONLY_ACTIVE_ARCH = YES;
				SDKROOT = iphoneos;
				SWIFT_ACTIVE_COMPILATION_CONDITIONS = DEBUG;
				SWIFT_OPTIMIZATION_LEVEL = "-Onone";
			};
			name = Debug;
		};
		249C5AB52A8D9DA100A858BD /* Release */ = {
			isa = XCBuildConfiguration;
			buildSettings = {
				ALWAYS_SEARCH_USER_PATHS = NO;
				CLANG_ANALYZER_NONNULL = YES;
				CLANG_ANALYZER_NUMBER_OBJECT_CONVERSION = YES_AGGRESSIVE;
				CLANG_CXX_LANGUAGE_STANDARD = "gnu++20";
				CLANG_ENABLE_MODULES = YES;
				CLANG_ENABLE_OBJC_ARC = YES;
				CLANG_ENABLE_OBJC_WEAK = YES;
				CLANG_WARN_BLOCK_CAPTURE_AUTORELEASING = YES;
				CLANG_WARN_BOOL_CONVERSION = YES;
				CLANG_WARN_COMMA = YES;
				CLANG_WARN_CONSTANT_CONVERSION = YES;
				CLANG_WARN_DEPRECATED_OBJC_IMPLEMENTATIONS = YES;
				CLANG_WARN_DIRECT_OBJC_ISA_USAGE = YES_ERROR;
				CLANG_WARN_DOCUMENTATION_COMMENTS = YES;
				CLANG_WARN_EMPTY_BODY = YES;
				CLANG_WARN_ENUM_CONVERSION = YES;
				CLANG_WARN_INFINITE_RECURSION = YES;
				CLANG_WARN_INT_CONVERSION = YES;
				CLANG_WARN_NON_LITERAL_NULL_CONVERSION = YES;
				CLANG_WARN_OBJC_IMPLICIT_RETAIN_SELF = YES;
				CLANG_WARN_OBJC_LITERAL_CONVERSION = YES;
				CLANG_WARN_OBJC_ROOT_CLASS = YES_ERROR;
				CLANG_WARN_QUOTED_INCLUDE_IN_FRAMEWORK_HEADER = YES;
				CLANG_WARN_RANGE_LOOP_ANALYSIS = YES;
				CLANG_WARN_STRICT_PROTOTYPES = YES;
				CLANG_WARN_SUSPICIOUS_MOVE = YES;
				CLANG_WARN_UNGUARDED_AVAILABILITY = YES_AGGRESSIVE;
				CLANG_WARN_UNREACHABLE_CODE = YES;
				CLANG_WARN__DUPLICATE_METHOD_MATCH = YES;
				COPY_PHASE_STRIP = NO;
				DEBUG_INFORMATION_FORMAT = "dwarf-with-dsym";
				ENABLE_NS_ASSERTIONS = NO;
				ENABLE_STRICT_OBJC_MSGSEND = YES;
				GCC_C_LANGUAGE_STANDARD = gnu11;
				GCC_NO_COMMON_BLOCKS = YES;
				GCC_WARN_64_TO_32_BIT_CONVERSION = YES;
				GCC_WARN_ABOUT_RETURN_TYPE = YES_ERROR;
				GCC_WARN_UNDECLARED_SELECTOR = YES;
				GCC_WARN_UNINITIALIZED_AUTOS = YES_AGGRESSIVE;
				GCC_WARN_UNUSED_FUNCTION = YES;
				GCC_WARN_UNUSED_VARIABLE = YES;
				IPHONEOS_DEPLOYMENT_TARGET = 16.4;
				MTL_ENABLE_DEBUG_INFO = NO;
				MTL_FAST_MATH = YES;
				SDKROOT = iphoneos;
				SWIFT_COMPILATION_MODE = wholemodule;
				SWIFT_OPTIMIZATION_LEVEL = "-O";
				VALIDATE_PRODUCT = YES;
			};
			name = Release;
		};
		249C5AB72A8D9DA100A858BD /* Debug */ = {
			isa = XCBuildConfiguration;
			buildSettings = {
				ASSETCATALOG_COMPILER_APPICON_NAME = AppIcon;
				ASSETCATALOG_COMPILER_GLOBAL_ACCENT_COLOR_NAME = AccentColor;
				CODE_SIGN_STYLE = Automatic;
				CURRENT_PROJECT_VERSION = 1;
				GENERATE_INFOPLIST_FILE = YES;
				INFOPLIST_FILE = CanWeTalk/Info.plist;
				INFOPLIST_KEY_UIApplicationSupportsIndirectInputEvents = YES;
				INFOPLIST_KEY_UILaunchStoryboardName = LaunchScreen;
				INFOPLIST_KEY_UIMainStoryboardFile = Main;
				INFOPLIST_KEY_UISupportedInterfaceOrientations_iPad = "UIInterfaceOrientationPortrait UIInterfaceOrientationPortraitUpsideDown UIInterfaceOrientationLandscapeLeft UIInterfaceOrientationLandscapeRight";
				INFOPLIST_KEY_UISupportedInterfaceOrientations_iPhone = "UIInterfaceOrientationPortrait UIInterfaceOrientationLandscapeLeft UIInterfaceOrientationLandscapeRight";
				LD_RUNPATH_SEARCH_PATHS = (
					"$(inherited)",
					"@executable_path/Frameworks",
				);
				MARKETING_VERSION = 1.0;
				PRODUCT_BUNDLE_IDENTIFIER = com.KyeJuanaAvery.CanWeTalk;
				PRODUCT_NAME = "$(TARGET_NAME)";
				SWIFT_EMIT_LOC_STRINGS = YES;
				SWIFT_VERSION = 5.0;
				TARGETED_DEVICE_FAMILY = "1,2";
			};
			name = Debug;
		};
		249C5AB82A8D9DA100A858BD /* Release */ = {
			isa = XCBuildConfiguration;
			buildSettings = {
				ASSETCATALOG_COMPILER_APPICON_NAME = AppIcon;
				ASSETCATALOG_COMPILER_GLOBAL_ACCENT_COLOR_NAME = AccentColor;
				CODE_SIGN_STYLE = Automatic;
				CURRENT_PROJECT_VERSION = 1;
				GENERATE_INFOPLIST_FILE = YES;
				INFOPLIST_FILE = CanWeTalk/Info.plist;
				INFOPLIST_KEY_UIApplicationSupportsIndirectInputEvents = YES;
				INFOPLIST_KEY_UILaunchStoryboardName = LaunchScreen;
				INFOPLIST_KEY_UIMainStoryboardFile = Main;
				INFOPLIST_KEY_UISupportedInterfaceOrientations_iPad = "UIInterfaceOrientationPortrait UIInterfaceOrientationPortraitUpsideDown UIInterfaceOrientationLandscapeLeft UIInterfaceOrientationLandscapeRight";
				INFOPLIST_KEY_UISupportedInterfaceOrientations_iPhone = "UIInterfaceOrientationPortrait UIInterfaceOrientationLandscapeLeft UIInterfaceOrientationLandscapeRight";
				LD_RUNPATH_SEARCH_PATHS = (
					"$(inherited)",
					"@executable_path/Frameworks",
				);
				MARKETING_VERSION = 1.0;
				PRODUCT_BUNDLE_IDENTIFIER = com.KyeJuanaAvery.CanWeTalk;
				PRODUCT_NAME = "$(TARGET_NAME)";
				SWIFT_EMIT_LOC_STRINGS = YES;
				SWIFT_VERSION = 5.0;
				TARGETED_DEVICE_FAMILY = "1,2";
			};
			name = Release;
		};
/* End XCBuildConfiguration section */

/* Begin XCConfigurationList section */
		249C5A9D2A8D9D9B00A858BD /* Build configuration list for PBXProject "CanWeTalk" */ = {
			isa = XCConfigurationList;
			buildConfigurations = (
				249C5AB42A8D9DA100A858BD /* Debug */,
				249C5AB52A8D9DA100A858BD /* Release */,
			);
			defaultConfigurationIsVisible = 0;
			defaultConfigurationName = Release;
		};
		249C5AB62A8D9DA100A858BD /* Build configuration list for PBXNativeTarget "CanWeTalk" */ = {
			isa = XCConfigurationList;
			buildConfigurations = (
				249C5AB72A8D9DA100A858BD /* Debug */,
				249C5AB82A8D9DA100A858BD /* Release */,
			);
			defaultConfigurationIsVisible = 0;
			defaultConfigurationName = Release;
		};
/* End XCConfigurationList section */
	};
	rootObject = 249C5A9A2A8D9D9B00A858BD /* Project object */;
}
